// !$*UTF8*$!
{
	archiveVersion = 1;
	classes = {
	};
	objectVersion = 46;
	objects = {

/* Begin PBXBuildFile section */
		1F1D3CCF1D158984003AACF5 /* Pokemon Solid.ttf in Resources */ = {isa = PBXBuildFile; fileRef = 1F1D3CCE1D158984003AACF5 /* Pokemon Solid.ttf */; };
		1F1D3CD11D15A9B7003AACF5 /* music.mp3 in Resources */ = {isa = PBXBuildFile; fileRef = 1F1D3CD01D15A9B7003AACF5 /* music.mp3 */; };
		1F2E4BF31D1551B50007D44F /* PokeCell.swift in Sources */ = {isa = PBXBuildFile; fileRef = 1F2E4BF21D1551B50007D44F /* PokeCell.swift */; };
		1FC25F971D13E85E008B7A0F /* AppDelegate.swift in Sources */ = {isa = PBXBuildFile; fileRef = 1FC25F961D13E85E008B7A0F /* AppDelegate.swift */; };
		1FC25F991D13E85E008B7A0F /* ViewController.swift in Sources */ = {isa = PBXBuildFile; fileRef = 1FC25F981D13E85E008B7A0F /* ViewController.swift */; };
		1FC25F9C1D13E85F008B7A0F /* Main.storyboard in Resources */ = {isa = PBXBuildFile; fileRef = 1FC25F9A1D13E85F008B7A0F /* Main.storyboard */; };
		1FC25F9E1D13E85F008B7A0F /* Assets.xcassets in Resources */ = {isa = PBXBuildFile; fileRef = 1FC25F9D1D13E85F008B7A0F /* Assets.xcassets */; };
		1FC25FA11D13E85F008B7A0F /* LaunchScreen.storyboard in Resources */ = {isa = PBXBuildFile; fileRef = 1FC25F9F1D13E85F008B7A0F /* LaunchScreen.storyboard */; };
		1FC25FA91D13EAC3008B7A0F /* pokemon.csv in Resources */ = {isa = PBXBuildFile; fileRef = 1FC25FA81D13EAC3008B7A0F /* pokemon.csv */; };
		1FC25FAC1D13EC4B008B7A0F /* Pokemon.swift in Sources */ = {isa = PBXBuildFile; fileRef = 1FC25FAB1D13EC4B008B7A0F /* Pokemon.swift */; };
		1FCD41141D1575280077193F /* csv.swift in Sources */ = {isa = PBXBuildFile; fileRef = 1FCD41131D1575280077193F /* csv.swift */; };
/* End PBXBuildFile section */

/* Begin PBXFileReference section */
		1F1D3CCE1D158984003AACF5 /* Pokemon Solid.ttf */ = {isa = PBXFileReference; lastKnownFileType = file; path = "Pokemon Solid.ttf"; sourceTree = "<group>"; };
		1F1D3CD01D15A9B7003AACF5 /* music.mp3 */ = {isa = PBXFileReference; lastKnownFileType = audio.mp3; path = music.mp3; sourceTree = "<group>"; };
		1F2E4BF21D1551B50007D44F /* PokeCell.swift */ = {isa = PBXFileReference; fileEncoding = 4; lastKnownFileType = sourcecode.swift; path = PokeCell.swift; sourceTree = "<group>"; };
		1FC25F931D13E85E008B7A0F /* pokedex.app */ = {isa = PBXFileReference; explicitFileType = wrapper.application; includeInIndex = 0; path = pokedex.app; sourceTree = BUILT_PRODUCTS_DIR; };
		1FC25F961D13E85E008B7A0F /* AppDelegate.swift */ = {isa = PBXFileReference; lastKnownFileType = sourcecode.swift; path = AppDelegate.swift; sourceTree = "<group>"; };
		1FC25F981D13E85E008B7A0F /* ViewController.swift */ = {isa = PBXFileReference; lastKnownFileType = sourcecode.swift; path = ViewController.swift; sourceTree = "<group>"; };
		1FC25F9B1D13E85F008B7A0F /* Base */ = {isa = PBXFileReference; lastKnownFileType = file.storyboard; name = Base; path = Base.lproj/Main.storyboard; sourceTree = "<group>"; };
		1FC25F9D1D13E85F008B7A0F /* Assets.xcassets */ = {isa = PBXFileReference; lastKnownFileType = folder.assetcatalog; path = Assets.xcassets; sourceTree = "<group>"; };
		1FC25FA01D13E85F008B7A0F /* Base */ = {isa = PBXFileReference; lastKnownFileType = file.storyboard; name = Base; path = Base.lproj/LaunchScreen.storyboard; sourceTree = "<group>"; };
		1FC25FA21D13E85F008B7A0F /* Info.plist */ = {isa = PBXFileReference; lastKnownFileType = text.plist.xml; path = Info.plist; sourceTree = "<group>"; };
		1FC25FA81D13EAC3008B7A0F /* pokemon.csv */ = {isa = PBXFileReference; fileEncoding = 4; lastKnownFileType = text; path = pokemon.csv; sourceTree = "<group>"; };
		1FC25FAB1D13EC4B008B7A0F /* Pokemon.swift */ = {isa = PBXFileReference; fileEncoding = 4; lastKnownFileType = sourcecode.swift; path = Pokemon.swift; sourceTree = "<group>"; };
		1FCD41131D1575280077193F /* csv.swift */ = {isa = PBXFileReference; fileEncoding = 4; lastKnownFileType = sourcecode.swift; path = csv.swift; sourceTree = "<group>"; };
/* End PBXFileReference section */

/* Begin PBXFrameworksBuildPhase section */
		1FC25F901D13E85E008B7A0F /* Frameworks */ = {
			isa = PBXFrameworksBuildPhase;
			buildActionMask = 2147483647;
			files = (
			);
			runOnlyForDeploymentPostprocessing = 0;
		};
/* End PBXFrameworksBuildPhase section */

/* Begin PBXGroup section */
		1F2E4BF11D1551420007D44F /* view */ = {
			isa = PBXGroup;
			children = (
				1F2E4BF21D1551B50007D44F /* PokeCell.swift */,
			);
			name = view;
			sourceTree = "<group>";
		};
		1FC25F8A1D13E85E008B7A0F = {
			isa = PBXGroup;
			children = (
				1FC25F951D13E85E008B7A0F /* pokedex */,
				1FC25F941D13E85E008B7A0F /* Products */,
			);
			sourceTree = "<group>";
		};
		1FC25F941D13E85E008B7A0F /* Products */ = {
			isa = PBXGroup;
			children = (
				1FC25F931D13E85E008B7A0F /* pokedex.app */,
			);
			name = Products;
			sourceTree = "<group>";
		};
		1FC25F951D13E85E008B7A0F /* pokedex */ = {
			isa = PBXGroup;
			children = (
				1FC25FAA1D13EC2C008B7A0F /* model */,
				1F2E4BF11D1551420007D44F /* view */,
				1FCD41161D1575F50077193F /* Controller */,
				1FCD41151D1575E50077193F /* Util */,
				1FCD41171D15766E0077193F /* Resouces */,
				1FC25F961D13E85E008B7A0F /* AppDelegate.swift */,
				1FC25F9A1D13E85F008B7A0F /* Main.storyboard */,
				1FC25F9D1D13E85F008B7A0F /* Assets.xcassets */,
				1FC25F9F1D13E85F008B7A0F /* LaunchScreen.storyboard */,
				1FC25FA21D13E85F008B7A0F /* Info.plist */,
			);
			path = pokedex;
			sourceTree = "<group>";
		};
		1FC25FAA1D13EC2C008B7A0F /* model */ = {
			isa = PBXGroup;
			children = (
				1FC25FAB1D13EC4B008B7A0F /* Pokemon.swift */,
			);
			name = model;
			sourceTree = "<group>";
		};
		1FCD41151D1575E50077193F /* Util */ = {
			isa = PBXGroup;
			children = (
				1FCD41131D1575280077193F /* csv.swift */,
			);
			name = Util;
			sourceTree = "<group>";
		};
		1FCD41161D1575F50077193F /* Controller */ = {
			isa = PBXGroup;
			children = (
				1FC25F981D13E85E008B7A0F /* ViewController.swift */,
			);
			name = Controller;
			sourceTree = "<group>";
		};
		1FCD41171D15766E0077193F /* Resouces */ = {
			isa = PBXGroup;
			children = (
				1F1D3CD01D15A9B7003AACF5 /* music.mp3 */,
				1F1D3CCE1D158984003AACF5 /* Pokemon Solid.ttf */,
				1FC25FA81D13EAC3008B7A0F /* pokemon.csv */,
			);
			name = Resouces;
			sourceTree = "<group>";
		};
/* End PBXGroup section */

/* Begin PBXNativeTarget section */
		1FC25F921D13E85E008B7A0F /* pokedex */ = {
			isa = PBXNativeTarget;
			buildConfigurationList = 1FC25FA51D13E85F008B7A0F /* Build configuration list for PBXNativeTarget "pokedex" */;
			buildPhases = (
				1FC25F8F1D13E85E008B7A0F /* Sources */,
				1FC25F901D13E85E008B7A0F /* Frameworks */,
				1FC25F911D13E85E008B7A0F /* Resources */,
			);
			buildRules = (
			);
			dependencies = (
			);
			name = pokedex;
			productName = pokedex;
			productReference = 1FC25F931D13E85E008B7A0F /* pokedex.app */;
			productType = "com.apple.product-type.application";
		};
/* End PBXNativeTarget section */

/* Begin PBXProject section */
		1FC25F8B1D13E85E008B7A0F /* Project object */ = {
			isa = PBXProject;
			attributes = {
				LastSwiftUpdateCheck = 0730;
				LastUpgradeCheck = 0730;
				ORGANIZATIONNAME = "MD.SAZID HASAN DIP";
				TargetAttributes = {
					1FC25F921D13E85E008B7A0F = {
						CreatedOnToolsVersion = 7.3.1;
					};
				};
			};
			buildConfigurationList = 1FC25F8E1D13E85E008B7A0F /* Build configuration list for PBXProject "pokedex" */;
			compatibilityVersion = "Xcode 3.2";
			developmentRegion = English;
			hasScannedForEncodings = 0;
			knownRegions = (
				en,
				Base,
			);
			mainGroup = 1FC25F8A1D13E85E008B7A0F;
			productRefGroup = 1FC25F941D13E85E008B7A0F /* Products */;
			projectDirPath = "";
			projectRoot = "";
			targets = (
				1FC25F921D13E85E008B7A0F /* pokedex */,
			);
		};
/* End PBXProject section */

/* Begin PBXResourcesBuildPhase section */
		1FC25F911D13E85E008B7A0F /* Resources */ = {
			isa = PBXResourcesBuildPhase;
			buildActionMask = 2147483647;
			files = (
				1F1D3CCF1D158984003AACF5 /* Pokemon Solid.ttf in Resources */,
				1FC25FA11D13E85F008B7A0F /* LaunchScreen.storyboard in Resources */,
				1F1D3CD11D15A9B7003AACF5 /* music.mp3 in Resources */,
				1FC25F9E1D13E85F008B7A0F /* Assets.xcassets in Resources */,
				1FC25FA91D13EAC3008B7A0F /* pokemon.csv in Resources */,
				1FC25F9C1D13E85F008B7A0F /* Main.storyboard in Resources */,
			);
			runOnlyForDeploymentPostprocessing = 0;
		};
/* End PBXResourcesBuildPhase section */

/* Begin PBXSourcesBuildPhase section */
		1FC25F8F1D13E85E008B7A0F /* Sources */ = {
			isa = PBXSourcesBuildPhase;
			buildActionMask = 2147483647;
			files = (
				1F2E4BF31D1551B50007D44F /* PokeCell.swift in Sources */,
				1FC25F991D13E85E008B7A0F /* ViewController.swift in Sources */,
				1FC25F971D13E85E008B7A0F /* AppDelegate.swift in Sources */,
				1FC25FAC1D13EC4B008B7A0F /* Pokemon.swift in Sources */,
				1FCD41141D1575280077193F /* csv.swift in Sources */,
			);
			runOnlyForDeploymentPostprocessing = 0;
		};
/* End PBXSourcesBuildPhase section */

/* Begin PBXVariantGroup section */
		1FC25F9A1D13E85F008B7A0F /* Main.storyboard */ = {
			isa = PBXVariantGroup;
			children = (
				1FC25F9B1D13E85F008B7A0F /* Base */,
			);
			name = Main.storyboard;
			sourceTree = "<group>";
		};
		1FC25F9F1D13E85F008B7A0F /* LaunchScreen.storyboard */ = {
			isa = PBXVariantGroup;
			children = (
				1FC25FA01D13E85F008B7A0F /* Base */,
			);
			name = LaunchScreen.storyboard;
			sourceTree = "<group>";
		};
/* End PBXVariantGroup section */

/* Begin XCBuildConfiguration section */
		1FC25FA31D13E85F008B7A0F /* Debug */ = {
			isa = XCBuildConfiguration;
			buildSettings = {
				ALWAYS_SEARCH_USER_PATHS = NO;
				CLANG_ANALYZER_NONNULL = YES;
				CLANG_CXX_LANGUAGE_STANDARD = "gnu++0x";
				CLANG_CXX_LIBRARY = "libc++";
				CLANG_ENABLE_MODULES = YES;
				CLANG_ENABLE_OBJC_ARC = YES;
				CLANG_WARN_BOOL_CONVERSION = YES;
				CLANG_WARN_CONSTANT_CONVERSION = YES;
				CLANG_WARN_DIRECT_OBJC_ISA_USAGE = YES_ERROR;
				CLANG_WARN_EMPTY_BODY = YES;
				CLANG_WARN_ENUM_CONVERSION = YES;
				CLANG_WARN_INT_CONVERSION = YES;
				CLANG_WARN_OBJC_ROOT_CLASS = YES_ERROR;
				CLANG_WARN_UNREACHABLE_CODE = YES;
				CLANG_WARN__DUPLICATE_METHOD_MATCH = YES;
				"CODE_SIGN_IDENTITY[sdk=iphoneos*]" = "iPhone Developer";
				COPY_PHASE_STRIP = NO;
				DEBUG_INFORMATION_FORMAT = dwarf;
				ENABLE_STRICT_OBJC_MSGSEND = YES;
				ENABLE_TESTABILITY = YES;
				GCC_C_LANGUAGE_STANDARD = gnu99;
				GCC_DYNAMIC_NO_PIC = NO;
				GCC_NO_COMMON_BLOCKS = YES;
				GCC_OPTIMIZATION_LEVEL = 0;
				GCC_PREPROCESSOR_DEFINITIONS = (
					"DEBUG=1",
					"$(inherited)",
				);
				GCC_WARN_64_TO_32_BIT_CONVERSION = YES;
				GCC_WARN_ABOUT_RETURN_TYPE = YES_ERROR;
				GCC_WARN_UNDECLARED_SELECTOR = YES;
				GCC_WARN_UNINITIALIZED_AUTOS = YES_AGGRESSIVE;
				GCC_WARN_UNUSED_FUNCTION = YES;
				GCC_WARN_UNUSED_VARIABLE = YES;
				IPHONEOS_DEPLOYMENT_TARGET = 9.3;
				MTL_ENABLE_DEBUG_INFO = YES;
				ONLY_ACTIVE_ARCH = YES;
				SDKROOT = iphoneos;
				SWIFT_OPTIMIZATION_LEVEL = "-Onone";
				TARGETED_DEVICE_FAMILY = "1,2";
			};
			name = Debug;
		};
		1FC25FA41D13E85F008B7A0F /* Release */ = {
			isa = XCBuildConfiguration;
			buildSettings = {
				ALWAYS_SEARCH_USER_PATHS = NO;
				CLANG_ANALYZER_NONNULL = YES;
				CLANG_CXX_LANGUAGE_STANDARD = "gnu++0x";
				CLANG_CXX_LIBRARY = "libc++";
				CLANG_ENABLE_MODULES = YES;
				CLANG_ENABLE_OBJC_ARC = YES;
				CLANG_WARN_BOOL_CONVERSION = YES;
				CLANG_WARN_CONSTANT_CONVERSION = YES;
				CLANG_WARN_DIRECT_OBJC_ISA_USAGE = YES_ERROR;
				CLANG_WARN_EMPTY_BODY = YES;
				CLANG_WARN_ENUM_CONVERSION = YES;
				CLANG_WARN_INT_CONVERSION = YES;
				CLANG_WARN_OBJC_ROOT_CLASS = YES_ERROR;
				CLANG_WARN_UNREACHABLE_CODE = YES;
				CLANG_WARN__DUPLICATE_METHOD_MATCH = YES;
				"CODE_SIGN_IDENTITY[sdk=iphoneos*]" = "iPhone Developer";
				COPY_PHASE_STRIP = NO;
				DEBUG_INFORMATION_FORMAT = "dwarf-with-dsym";
				ENABLE_NS_ASSERTIONS = NO;
				ENABLE_STRICT_OBJC_MSGSEND = YES;
				GCC_C_LANGUAGE_STANDARD = gnu99;
				GCC_NO_COMMON_BLOCKS = YES;
				GCC_WARN_64_TO_32_BIT_CONVERSION = YES;
				GCC_WARN_ABOUT_RETURN_TYPE = YES_ERROR;
				GCC_WARN_UNDECLARED_SELECTOR = YES;
				GCC_WARN_UNINITIALIZED_AUTOS = YES_AGGRESSIVE;
				GCC_WARN_UNUSED_FUNCTION = YES;
				GCC_WARN_UNUSED_VARIABLE = YES;
				IPHONEOS_DEPLOYMENT_TARGET = 9.3;
				MTL_ENABLE_DEBUG_INFO = NO;
				SDKROOT = iphoneos;
				TARGETED_DEVICE_FAMILY = "1,2";
				VALIDATE_PRODUCT = YES;
			};
			name = Release;
		};
		1FC25FA61D13E85F008B7A0F /* Debug */ = {
			isa = XCBuildConfiguration;
			buildSettings = {
				ASSETCATALOG_COMPILER_APPICON_NAME = AppIcon;
				INFOPLIST_FILE = pokedex/Info.plist;
				LD_RUNPATH_SEARCH_PATHS = "$(inherited) @executable_path/Frameworks";
				PRODUCT_BUNDLE_IDENTIFIER = dip.pokedex;
				PRODUCT_NAME = "$(TARGET_NAME)";
			};
			name = Debug;
		};
		1FC25FA71D13E85F008B7A0F /* Release */ = {
			isa = XCBuildConfiguration;
			buildSettings = {
				ASSETCATALOG_COMPILER_APPICON_NAME = AppIcon;
				INFOPLIST_FILE = pokedex/Info.plist;
				LD_RUNPATH_SEARCH_PATHS = "$(inherited) @executable_path/Frameworks";
				PRODUCT_BUNDLE_IDENTIFIER = dip.pokedex;
				PRODUCT_NAME = "$(TARGET_NAME)";
			};
			name = Release;
		};
/* End XCBuildConfiguration section */

/* Begin XCConfigurationList section */
		1FC25F8E1D13E85E008B7A0F /* Build configuration list for PBXProject "pokedex" */ = {
			isa = XCConfigurationList;
			buildConfigurations = (
				1FC25FA31D13E85F008B7A0F /* Debug */,
				1FC25FA41D13E85F008B7A0F /* Release */,
			);
			defaultConfigurationIsVisible = 0;
			defaultConfigurationName = Release;
		};
		1FC25FA51D13E85F008B7A0F /* Build configuration list for PBXNativeTarget "pokedex" */ = {
			isa = XCConfigurationList;
			buildConfigurations = (
				1FC25FA61D13E85F008B7A0F /* Debug */,
				1FC25FA71D13E85F008B7A0F /* Release */,
			);
			defaultConfigurationIsVisible = 0;
			defaultConfigurationName = Release;
		};
/* End XCConfigurationList section */
	};
	rootObject = 1FC25F8B1D13E85E008B7A0F /* Project object */;
}
